// !$*UTF8*$!
{
	archiveVersion = 1;
	classes = {
	};
	objectVersion = 46;
	objects = {

/* Begin PBXBuildFile section */
		1B4DA5DE19F52FAD0048DA2F /* Photo on 10-20-14 at 7.52 AM.jpg in Resources */ = {isa = PBXBuildFile; fileRef = 1B4DA5DD19F52FAD0048DA2F /* Photo on 10-20-14 at 7.52 AM.jpg */; };
		1B5424CA19F31C0D001A0976 /* Foundation.framework in Frameworks */ = {isa = PBXBuildFile; fileRef = 1B5424C919F31C0D001A0976 /* Foundation.framework */; };
		1B5424CC19F31C0D001A0976 /* CoreGraphics.framework in Frameworks */ = {isa = PBXBuildFile; fileRef = 1B5424CB19F31C0D001A0976 /* CoreGraphics.framework */; };
		1B5424CE19F31C0D001A0976 /* UIKit.framework in Frameworks */ = {isa = PBXBuildFile; fileRef = 1B5424CD19F31C0D001A0976 /* UIKit.framework */; };
		1B5424D419F31C0D001A0976 /* InfoPlist.strings in Resources */ = {isa = PBXBuildFile; fileRef = 1B5424D219F31C0D001A0976 /* InfoPlist.strings */; };
		1B5424D619F31C0D001A0976 /* main.m in Sources */ = {isa = PBXBuildFile; fileRef = 1B5424D519F31C0D001A0976 /* main.m */; };
		1B5424DA19F31C0D001A0976 /* JDAppDelegate.m in Sources */ = {isa = PBXBuildFile; fileRef = 1B5424D919F31C0D001A0976 /* JDAppDelegate.m */; };
		1B5424DD19F31C0D001A0976 /* Main.storyboard in Resources */ = {isa = PBXBuildFile; fileRef = 1B5424DB19F31C0D001A0976 /* Main.storyboard */; };
		1B5424E019F31C0D001A0976 /* JDViewController.m in Sources */ = {isa = PBXBuildFile; fileRef = 1B5424DF19F31C0D001A0976 /* JDViewController.m */; };
		1B5424E219F31C0D001A0976 /* Images.xcassets in Resources */ = {isa = PBXBuildFile; fileRef = 1B5424E119F31C0D001A0976 /* Images.xcassets */; };
		1B5424E919F31C0E001A0976 /* XCTest.framework in Frameworks */ = {isa = PBXBuildFile; fileRef = 1B5424E819F31C0D001A0976 /* XCTest.framework */; };
		1B5424EA19F31C0E001A0976 /* Foundation.framework in Frameworks */ = {isa = PBXBuildFile; fileRef = 1B5424C919F31C0D001A0976 /* Foundation.framework */; };
		1B5424EB19F31C0E001A0976 /* UIKit.framework in Frameworks */ = {isa = PBXBuildFile; fileRef = 1B5424CD19F31C0D001A0976 /* UIKit.framework */; };
		1B5424F319F31C0E001A0976 /* InfoPlist.strings in Resources */ = {isa = PBXBuildFile; fileRef = 1B5424F119F31C0E001A0976 /* InfoPlist.strings */; };
		1B5424F519F31C0E001A0976 /* Pirate_AdventureTests.m in Sources */ = {isa = PBXBuildFile; fileRef = 1B5424F419F31C0E001A0976 /* Pirate_AdventureTests.m */; };
		1B54250119F325DB001A0976 /* JDTile.m in Sources */ = {isa = PBXBuildFile; fileRef = 1B54250019F325DB001A0976 /* JDTile.m */; };
		1B54250419F3269F001A0976 /* JDFactory.m in Sources */ = {isa = PBXBuildFile; fileRef = 1B54250319F3269F001A0976 /* JDFactory.m */; };
		1B830A7A19F9B4FF006C92B7 /* JDWeapon.m in Sources */ = {isa = PBXBuildFile; fileRef = 1B830A7919F9B4FF006C92B7 /* JDWeapon.m */; };
		1B830A7D19F9B569006C92B7 /* JDArmor.m in Sources */ = {isa = PBXBuildFile; fileRef = 1B830A7C19F9B569006C92B7 /* JDArmor.m */; };
		1B830A8019F9B627006C92B7 /* JDCharacter.m in Sources */ = {isa = PBXBuildFile; fileRef = 1B830A7F19F9B627006C92B7 /* JDCharacter.m */; };
		1BBAC57319FD3D2000C1CB59 /* JDBoss.m in Sources */ = {isa = PBXBuildFile; fileRef = 1BBAC57219FD3D2000C1CB59 /* JDBoss.m */; };
		1BF6DA7F19F330B2001791E6 /* PirateAttack.jpg in Resources */ = {isa = PBXBuildFile; fileRef = 1BF6DA7319F330B2001791E6 /* PirateAttack.jpg */; };
		1BF6DA8019F330B2001791E6 /* PirateBlacksmith.jpeg in Resources */ = {isa = PBXBuildFile; fileRef = 1BF6DA7419F330B2001791E6 /* PirateBlacksmith.jpeg */; };
		1BF6DA8119F330B2001791E6 /* PirateBoss.jpeg in Resources */ = {isa = PBXBuildFile; fileRef = 1BF6DA7519F330B2001791E6 /* PirateBoss.jpeg */; };
		1BF6DA8219F330B2001791E6 /* PirateFriendlyDock.jpg in Resources */ = {isa = PBXBuildFile; fileRef = 1BF6DA7619F330B2001791E6 /* PirateFriendlyDock.jpg */; };
		1BF6DA8319F330B2001791E6 /* PirateOctopusAttack.jpg in Resources */ = {isa = PBXBuildFile; fileRef = 1BF6DA7719F330B2001791E6 /* PirateOctopusAttack.jpg */; };
		1BF6DA8419F330B2001791E6 /* PirateParrot.jpg in Resources */ = {isa = PBXBuildFile; fileRef = 1BF6DA7819F330B2001791E6 /* PirateParrot.jpg */; };
		1BF6DA8519F330B2001791E6 /* PiratePlank.jpg in Resources */ = {isa = PBXBuildFile; fileRef = 1BF6DA7919F330B2001791E6 /* PiratePlank.jpg */; };
		1BF6DA8619F330B2001791E6 /* PirateShipBattle.jpeg in Resources */ = {isa = PBXBuildFile; fileRef = 1BF6DA7A19F330B2001791E6 /* PirateShipBattle.jpeg */; };
		1BF6DA8719F330B2001791E6 /* PirateStart.jpg in Resources */ = {isa = PBXBuildFile; fileRef = 1BF6DA7B19F330B2001791E6 /* PirateStart.jpg */; };
		1BF6DA8819F330B2001791E6 /* PirateTreasure.jpeg in Resources */ = {isa = PBXBuildFile; fileRef = 1BF6DA7C19F330B2001791E6 /* PirateTreasure.jpeg */; };
		1BF6DA8919F330B2001791E6 /* PirateTreasurer2.jpeg in Resources */ = {isa = PBXBuildFile; fileRef = 1BF6DA7D19F330B2001791E6 /* PirateTreasurer2.jpeg */; };
		1BF6DA8A19F330B2001791E6 /* PirateWeapons.jpeg in Resources */ = {isa = PBXBuildFile; fileRef = 1BF6DA7E19F330B2001791E6 /* PirateWeapons.jpeg */; };
/* End PBXBuildFile section */

/* Begin PBXContainerItemProxy section */
		1B5424EC19F31C0E001A0976 /* PBXContainerItemProxy */ = {
			isa = PBXContainerItemProxy;
			containerPortal = 1B5424BE19F31C0D001A0976 /* Project object */;
			proxyType = 1;
			remoteGlobalIDString = 1B5424C519F31C0D001A0976;
			remoteInfo = "Pirate Adventure";
		};
/* End PBXContainerItemProxy section */

/* Begin PBXFileReference section */
		1B4DA5DD19F52FAD0048DA2F /* Photo on 10-20-14 at 7.52 AM.jpg */ = {isa = PBXFileReference; lastKnownFileType = image.jpeg; path = "Photo on 10-20-14 at 7.52 AM.jpg"; sourceTree = "<group>"; };
		1B5424C619F31C0D001A0976 /* Pirate Adventure.app */ = {isa = PBXFileReference; explicitFileType = wrapper.application; includeInIndex = 0; path = "Pirate Adventure.app"; sourceTree = BUILT_PRODUCTS_DIR; };
		1B5424C919F31C0D001A0976 /* Foundation.framework */ = {isa = PBXFileReference; lastKnownFileType = wrapper.framework; name = Foundation.framework; path = System/Library/Frameworks/Foundation.framework; sourceTree = SDKROOT; };
		1B5424CB19F31C0D001A0976 /* CoreGraphics.framework */ = {isa = PBXFileReference; lastKnownFileType = wrapper.framework; name = CoreGraphics.framework; path = System/Library/Frameworks/CoreGraphics.framework; sourceTree = SDKROOT; };
		1B5424CD19F31C0D001A0976 /* UIKit.framework */ = {isa = PBXFileReference; lastKnownFileType = wrapper.framework; name = UIKit.framework; path = System/Library/Frameworks/UIKit.framework; sourceTree = SDKROOT; };
		1B5424D119F31C0D001A0976 /* Pirate Adventure-Info.plist */ = {isa = PBXFileReference; lastKnownFileType = text.plist.xml; path = "Pirate Adventure-Info.plist"; sourceTree = "<group>"; };
		1B5424D319F31C0D001A0976 /* en */ = {isa = PBXFileReference; lastKnownFileType = text.plist.strings; name = en; path = en.lproj/InfoPlist.strings; sourceTree = "<group>"; };
		1B5424D519F31C0D001A0976 /* main.m */ = {isa = PBXFileReference; lastKnownFileType = sourcecode.c.objc; path = main.m; sourceTree = "<group>"; };
		1B5424D719F31C0D001A0976 /* Pirate Adventure-Prefix.pch */ = {isa = PBXFileReference; lastKnownFileType = sourcecode.c.h; path = "Pirate Adventure-Prefix.pch"; sourceTree = "<group>"; };
		1B5424D819F31C0D001A0976 /* JDAppDelegate.h */ = {isa = PBXFileReference; lastKnownFileType = sourcecode.c.h; path = JDAppDelegate.h; sourceTree = "<group>"; };
		1B5424D919F31C0D001A0976 /* JDAppDelegate.m */ = {isa = PBXFileReference; lastKnownFileType = sourcecode.c.objc; path = JDAppDelegate.m; sourceTree = "<group>"; };
		1B5424DC19F31C0D001A0976 /* Base */ = {isa = PBXFileReference; lastKnownFileType = file.storyboard; name = Base; path = Base.lproj/Main.storyboard; sourceTree = "<group>"; };
		1B5424DE19F31C0D001A0976 /* JDViewController.h */ = {isa = PBXFileReference; lastKnownFileType = sourcecode.c.h; path = JDViewController.h; sourceTree = "<group>"; };
		1B5424DF19F31C0D001A0976 /* JDViewController.m */ = {isa = PBXFileReference; lastKnownFileType = sourcecode.c.objc; path = JDViewController.m; sourceTree = "<group>"; };
		1B5424E119F31C0D001A0976 /* Images.xcassets */ = {isa = PBXFileReference; lastKnownFileType = folder.assetcatalog; path = Images.xcassets; sourceTree = "<group>"; };
		1B5424E719F31C0D001A0976 /* Pirate AdventureTests.xctest */ = {isa = PBXFileReference; explicitFileType = wrapper.cfbundle; includeInIndex = 0; path = "Pirate AdventureTests.xctest"; sourceTree = BUILT_PRODUCTS_DIR; };
		1B5424E819F31C0D001A0976 /* XCTest.framework */ = {isa = PBXFileReference; lastKnownFileType = wrapper.framework; name = XCTest.framework; path = Library/Frameworks/XCTest.framework; sourceTree = DEVELOPER_DIR; };
		1B5424F019F31C0E001A0976 /* Pirate AdventureTests-Info.plist */ = {isa = PBXFileReference; lastKnownFileType = text.plist.xml; path = "Pirate AdventureTests-Info.plist"; sourceTree = "<group>"; };
		1B5424F219F31C0E001A0976 /* en */ = {isa = PBXFileReference; lastKnownFileType = text.plist.strings; name = en; path = en.lproj/InfoPlist.strings; sourceTree = "<group>"; };
		1B5424F419F31C0E001A0976 /* Pirate_AdventureTests.m */ = {isa = PBXFileReference; lastKnownFileType = sourcecode.c.objc; path = Pirate_AdventureTests.m; sourceTree = "<group>"; };
		1B5424FF19F325DB001A0976 /* JDTile.h */ = {isa = PBXFileReference; fileEncoding = 4; lastKnownFileType = sourcecode.c.h; path = JDTile.h; sourceTree = "<group>"; };
		1B54250019F325DB001A0976 /* JDTile.m */ = {isa = PBXFileReference; fileEncoding = 4; lastKnownFileType = sourcecode.c.objc; path = JDTile.m; sourceTree = "<group>"; };
		1B54250219F3269F001A0976 /* JDFactory.h */ = {isa = PBXFileReference; fileEncoding = 4; lastKnownFileType = sourcecode.c.h; path = JDFactory.h; sourceTree = "<group>"; };
		1B54250319F3269F001A0976 /* JDFactory.m */ = {isa = PBXFileReference; fileEncoding = 4; lastKnownFileType = sourcecode.c.objc; path = JDFactory.m; sourceTree = "<group>"; };
		1B830A7819F9B4FF006C92B7 /* JDWeapon.h */ = {isa = PBXFileReference; fileEncoding = 4; lastKnownFileType = sourcecode.c.h; path = JDWeapon.h; sourceTree = "<group>"; };
		1B830A7919F9B4FF006C92B7 /* JDWeapon.m */ = {isa = PBXFileReference; fileEncoding = 4; lastKnownFileType = sourcecode.c.objc; path = JDWeapon.m; sourceTree = "<group>"; };
		1B830A7B19F9B569006C92B7 /* JDArmor.h */ = {isa = PBXFileReference; fileEncoding = 4; lastKnownFileType = sourcecode.c.h; path = JDArmor.h; sourceTree = "<group>"; };
		1B830A7C19F9B569006C92B7 /* JDArmor.m */ = {isa = PBXFileReference; fileEncoding = 4; lastKnownFileType = sourcecode.c.objc; path = JDArmor.m; sourceTree = "<group>"; };
		1B830A7E19F9B627006C92B7 /* JDCharacter.h */ = {isa = PBXFileReference; fileEncoding = 4; lastKnownFileType = sourcecode.c.h; path = JDCharacter.h; sourceTree = "<group>"; };
		1B830A7F19F9B627006C92B7 /* JDCharacter.m */ = {isa = PBXFileReference; fileEncoding = 4; lastKnownFileType = sourcecode.c.objc; path = JDCharacter.m; sourceTree = "<group>"; };
		1BBAC57119FD3D2000C1CB59 /* JDBoss.h */ = {isa = PBXFileReference; fileEncoding = 4; lastKnownFileType = sourcecode.c.h; path = JDBoss.h; sourceTree = "<group>"; };
		1BBAC57219FD3D2000C1CB59 /* JDBoss.m */ = {isa = PBXFileReference; fileEncoding = 4; lastKnownFileType = sourcecode.c.objc; path = JDBoss.m; sourceTree = "<group>"; };
		1BF6DA7319F330B2001791E6 /* PirateAttack.jpg */ = {isa = PBXFileReference; lastKnownFileType = image.jpeg; path = PirateAttack.jpg; sourceTree = "<group>"; };
		1BF6DA7419F330B2001791E6 /* PirateBlacksmith.jpeg */ = {isa = PBXFileReference; lastKnownFileType = image.jpeg; path = PirateBlacksmith.jpeg; sourceTree = "<group>"; };
		1BF6DA7519F330B2001791E6 /* PirateBoss.jpeg */ = {isa = PBXFileReference; lastKnownFileType = image.jpeg; path = PirateBoss.jpeg; sourceTree = "<group>"; };
		1BF6DA7619F330B2001791E6 /* PirateFriendlyDock.jpg */ = {isa = PBXFileReference; lastKnownFileType = image.jpeg; path = PirateFriendlyDock.jpg; sourceTree = "<group>"; };
		1BF6DA7719F330B2001791E6 /* PirateOctopusAttack.jpg */ = {isa = PBXFileReference; lastKnownFileType = image.jpeg; path = PirateOctopusAttack.jpg; sourceTree = "<group>"; };
		1BF6DA7819F330B2001791E6 /* PirateParrot.jpg */ = {isa = PBXFileReference; lastKnownFileType = image.jpeg; path = PirateParrot.jpg; sourceTree = "<group>"; };
		1BF6DA7919F330B2001791E6 /* PiratePlank.jpg */ = {isa = PBXFileReference; lastKnownFileType = image.jpeg; path = PiratePlank.jpg; sourceTree = "<group>"; };
		1BF6DA7A19F330B2001791E6 /* PirateShipBattle.jpeg */ = {isa = PBXFileReference; lastKnownFileType = image.jpeg; path = PirateShipBattle.jpeg; sourceTree = "<group>"; };
		1BF6DA7B19F330B2001791E6 /* PirateStart.jpg */ = {isa = PBXFileReference; lastKnownFileType = image.jpeg; path = PirateStart.jpg; sourceTree = "<group>"; };
		1BF6DA7C19F330B2001791E6 /* PirateTreasure.jpeg */ = {isa = PBXFileReference; lastKnownFileType = image.jpeg; path = PirateTreasure.jpeg; sourceTree = "<group>"; };
		1BF6DA7D19F330B2001791E6 /* PirateTreasurer2.jpeg */ = {isa = PBXFileReference; lastKnownFileType = image.jpeg; path = PirateTreasurer2.jpeg; sourceTree = "<group>"; };
		1BF6DA7E19F330B2001791E6 /* PirateWeapons.jpeg */ = {isa = PBXFileReference; lastKnownFileType = image.jpeg; path = PirateWeapons.jpeg; sourceTree = "<group>"; };
/* End PBXFileReference section */

/* Begin PBXFrameworksBuildPhase section */
		1B5424C319F31C0D001A0976 /* Frameworks */ = {
			isa = PBXFrameworksBuildPhase;
			buildActionMask = 2147483647;
			files = (
				1B5424CC19F31C0D001A0976 /* CoreGraphics.framework in Frameworks */,
				1B5424CE19F31C0D001A0976 /* UIKit.framework in Frameworks */,
				1B5424CA19F31C0D001A0976 /* Foundation.framework in Frameworks */,
			);
			runOnlyForDeploymentPostprocessing = 0;
		};
		1B5424E419F31C0D001A0976 /* Frameworks */ = {
			isa = PBXFrameworksBuildPhase;
			buildActionMask = 2147483647;
			files = (
				1B5424E919F31C0E001A0976 /* XCTest.framework in Frameworks */,
				1B5424EB19F31C0E001A0976 /* UIKit.framework in Frameworks */,
				1B5424EA19F31C0E001A0976 /* Foundation.framework in Frameworks */,
			);
			runOnlyForDeploymentPostprocessing = 0;
		};
/* End PBXFrameworksBuildPhase section */

/* Begin PBXGroup section */
		1B5424BD19F31C0D001A0976 = {
			isa = PBXGroup;
			children = (
				1B5424CF19F31C0D001A0976 /* Pirate Adventure */,
				1B5424EE19F31C0E001A0976 /* Pirate AdventureTests */,
				1B5424C819F31C0D001A0976 /* Frameworks */,
				1B5424C719F31C0D001A0976 /* Products */,
			);
			sourceTree = "<group>";
		};
		1B5424C719F31C0D001A0976 /* Products */ = {
			isa = PBXGroup;
			children = (
				1B5424C619F31C0D001A0976 /* Pirate Adventure.app */,
				1B5424E719F31C0D001A0976 /* Pirate AdventureTests.xctest */,
			);
			name = Products;
			sourceTree = "<group>";
		};
		1B5424C819F31C0D001A0976 /* Frameworks */ = {
			isa = PBXGroup;
			children = (
				1B5424C919F31C0D001A0976 /* Foundation.framework */,
				1B5424CB19F31C0D001A0976 /* CoreGraphics.framework */,
				1B5424CD19F31C0D001A0976 /* UIKit.framework */,
				1B5424E819F31C0D001A0976 /* XCTest.framework */,
			);
			name = Frameworks;
			sourceTree = "<group>";
		};
		1B5424CF19F31C0D001A0976 /* Pirate Adventure */ = {
			isa = PBXGroup;
			children = (
				1B5424D819F31C0D001A0976 /* JDAppDelegate.h */,
				1B5424D919F31C0D001A0976 /* JDAppDelegate.m */,
				1B5424DB19F31C0D001A0976 /* Main.storyboard */,
				1B5424DE19F31C0D001A0976 /* JDViewController.h */,
				1B5424DF19F31C0D001A0976 /* JDViewController.m */,
				1B5424E119F31C0D001A0976 /* Images.xcassets */,
				1B5424FE19F325A9001A0976 /* Model */,
				1B5424D019F31C0D001A0976 /* Supporting Files */,
			);
			path = "Pirate Adventure";
			sourceTree = "<group>";
		};
		1B5424D019F31C0D001A0976 /* Supporting Files */ = {
			isa = PBXGroup;
			children = (
				1B4DA5DD19F52FAD0048DA2F /* Photo on 10-20-14 at 7.52 AM.jpg */,
				1BF6DA7219F3307E001791E6 /* images */,
				1B5424D119F31C0D001A0976 /* Pirate Adventure-Info.plist */,
				1B5424D219F31C0D001A0976 /* InfoPlist.strings */,
				1B5424D519F31C0D001A0976 /* main.m */,
				1B5424D719F31C0D001A0976 /* Pirate Adventure-Prefix.pch */,
			);
			name = "Supporting Files";
			sourceTree = "<group>";
		};
		1B5424EE19F31C0E001A0976 /* Pirate AdventureTests */ = {
			isa = PBXGroup;
			children = (
				1B5424F419F31C0E001A0976 /* Pirate_AdventureTests.m */,
				1B5424EF19F31C0E001A0976 /* Supporting Files */,
			);
			path = "Pirate AdventureTests";
			sourceTree = "<group>";
		};
		1B5424EF19F31C0E001A0976 /* Supporting Files */ = {
			isa = PBXGroup;
			children = (
				1B5424F019F31C0E001A0976 /* Pirate AdventureTests-Info.plist */,
				1B5424F119F31C0E001A0976 /* InfoPlist.strings */,
			);
			name = "Supporting Files";
			sourceTree = "<group>";
		};
		1B5424FE19F325A9001A0976 /* Model */ = {
			isa = PBXGroup;
			children = (
				1B5424FF19F325DB001A0976 /* JDTile.h */,
				1B54250019F325DB001A0976 /* JDTile.m */,
				1B830A7819F9B4FF006C92B7 /* JDWeapon.h */,
				1B830A7919F9B4FF006C92B7 /* JDWeapon.m */,
				1B830A7B19F9B569006C92B7 /* JDArmor.h */,
				1B830A7C19F9B569006C92B7 /* JDArmor.m */,
				1B830A7E19F9B627006C92B7 /* JDCharacter.h */,
				1B830A7F19F9B627006C92B7 /* JDCharacter.m */,
				1BBAC57119FD3D2000C1CB59 /* JDBoss.h */,
				1BBAC57219FD3D2000C1CB59 /* JDBoss.m */,
				1B54250519F326B0001A0976 /* Factory */,
			);
			name = Model;
			sourceTree = "<group>";
		};
		1B54250519F326B0001A0976 /* Factory */ = {
			isa = PBXGroup;
			children = (
				1B54250219F3269F001A0976 /* JDFactory.h */,
				1B54250319F3269F001A0976 /* JDFactory.m */,
			);
			name = Factory;
			sourceTree = "<group>";
		};
		1BF6DA7219F3307E001791E6 /* images */ = {
			isa = PBXGroup;
			children = (
				1BF6DA7319F330B2001791E6 /* PirateAttack.jpg */,
				1BF6DA7419F330B2001791E6 /* PirateBlacksmith.jpeg */,
				1BF6DA7519F330B2001791E6 /* PirateBoss.jpeg */,
				1BF6DA7619F330B2001791E6 /* PirateFriendlyDock.jpg */,
				1BF6DA7719F330B2001791E6 /* PirateOctopusAttack.jpg */,
				1BF6DA7819F330B2001791E6 /* PirateParrot.jpg */,
				1BF6DA7919F330B2001791E6 /* PiratePlank.jpg */,
				1BF6DA7A19F330B2001791E6 /* PirateShipBattle.jpeg */,
				1BF6DA7B19F330B2001791E6 /* PirateStart.jpg */,
				1BF6DA7C19F330B2001791E6 /* PirateTreasure.jpeg */,
				1BF6DA7D19F330B2001791E6 /* PirateTreasurer2.jpeg */,
				1BF6DA7E19F330B2001791E6 /* PirateWeapons.jpeg */,
			);
			name = images;
			sourceTree = "<group>";
		};
/* End PBXGroup section */

/* Begin PBXNativeTarget section */
		1B5424C519F31C0D001A0976 /* Pirate Adventure */ = {
			isa = PBXNativeTarget;
			buildConfigurationList = 1B5424F819F31C0E001A0976 /* Build configuration list for PBXNativeTarget "Pirate Adventure" */;
			buildPhases = (
				1B5424C219F31C0D001A0976 /* Sources */,
				1B5424C319F31C0D001A0976 /* Frameworks */,
				1B5424C419F31C0D001A0976 /* Resources */,
			);
			buildRules = (
			);
			dependencies = (
			);
			name = "Pirate Adventure";
			productName = "Pirate Adventure";
			productReference = 1B5424C619F31C0D001A0976 /* Pirate Adventure.app */;
			productType = "com.apple.product-type.application";
		};
		1B5424E619F31C0D001A0976 /* Pirate AdventureTests */ = {
			isa = PBXNativeTarget;
			buildConfigurationList = 1B5424FB19F31C0E001A0976 /* Build configuration list for PBXNativeTarget "Pirate AdventureTests" */;
			buildPhases = (
				1B5424E319F31C0D001A0976 /* Sources */,
				1B5424E419F31C0D001A0976 /* Frameworks */,
				1B5424E519F31C0D001A0976 /* Resources */,
			);
			buildRules = (
			);
			dependencies = (
				1B5424ED19F31C0E001A0976 /* PBXTargetDependency */,
			);
			name = "Pirate AdventureTests";
			productName = "Pirate AdventureTests";
			productReference = 1B5424E719F31C0D001A0976 /* Pirate AdventureTests.xctest */;
			productType = "com.apple.product-type.bundle.unit-test";
		};
/* End PBXNativeTarget section */

/* Begin PBXProject section */
		1B5424BE19F31C0D001A0976 /* Project object */ = {
			isa = PBXProject;
			attributes = {
				CLASSPREFIX = JD;
				LastUpgradeCheck = 0510;
				ORGANIZATIONNAME = com.merck;
				TargetAttributes = {
					1B5424E619F31C0D001A0976 = {
						TestTargetID = 1B5424C519F31C0D001A0976;
					};
				};
			};
			buildConfigurationList = 1B5424C119F31C0D001A0976 /* Build configuration list for PBXProject "Pirate Adventure" */;
			compatibilityVersion = "Xcode 3.2";
			developmentRegion = English;
			hasScannedForEncodings = 0;
			knownRegions = (
				en,
				Base,
			);
			mainGroup = 1B5424BD19F31C0D001A0976;
			productRefGroup = 1B5424C719F31C0D001A0976 /* Products */;
			projectDirPath = "";
			projectRoot = "";
			targets = (
				1B5424C519F31C0D001A0976 /* Pirate Adventure */,
				1B5424E619F31C0D001A0976 /* Pirate AdventureTests */,
			);
		};
/* End PBXProject section */

/* Begin PBXResourcesBuildPhase section */
		1B5424C419F31C0D001A0976 /* Resources */ = {
			isa = PBXResourcesBuildPhase;
			buildActionMask = 2147483647;
			files = (
				1BF6DA8319F330B2001791E6 /* PirateOctopusAttack.jpg in Resources */,
				1BF6DA8A19F330B2001791E6 /* PirateWeapons.jpeg in Resources */,
				1BF6DA8519F330B2001791E6 /* PiratePlank.jpg in Resources */,
				1BF6DA8819F330B2001791E6 /* PirateTreasure.jpeg in Resources */,
				1BF6DA8219F330B2001791E6 /* PirateFriendlyDock.jpg in Resources */,
				1BF6DA7F19F330B2001791E6 /* PirateAttack.jpg in Resources */,
				1B5424E219F31C0D001A0976 /* Images.xcassets in Resources */,
				1B5424D419F31C0D001A0976 /* InfoPlist.strings in Resources */,
				1B5424DD19F31C0D001A0976 /* Main.storyboard in Resources */,
				1BF6DA8619F330B2001791E6 /* PirateShipBattle.jpeg in Resources */,
				1BF6DA8919F330B2001791E6 /* PirateTreasurer2.jpeg in Resources */,
				1BF6DA8019F330B2001791E6 /* PirateBlacksmith.jpeg in Resources */,
				1BF6DA8719F330B2001791E6 /* PirateStart.jpg in Resources */,
				1BF6DA8119F330B2001791E6 /* PirateBoss.jpeg in Resources */,
				1B4DA5DE19F52FAD0048DA2F /* Photo on 10-20-14 at 7.52 AM.jpg in Resources */,
				1BF6DA8419F330B2001791E6 /* PirateParrot.jpg in Resources */,
			);
			runOnlyForDeploymentPostprocessing = 0;
		};
		1B5424E519F31C0D001A0976 /* Resources */ = {
			isa = PBXResourcesBuildPhase;
			buildActionMask = 2147483647;
			files = (
				1B5424F319F31C0E001A0976 /* InfoPlist.strings in Resources */,
			);
			runOnlyForDeploymentPostprocessing = 0;
		};
/* End PBXResourcesBuildPhase section */

/* Begin PBXSourcesBuildPhase section */
		1B5424C219F31C0D001A0976 /* Sources */ = {
			isa = PBXSourcesBuildPhase;
			buildActionMask = 2147483647;
			files = (
				1B54250119F325DB001A0976 /* JDTile.m in Sources */,
				1B5424DA19F31C0D001A0976 /* JDAppDelegate.m in Sources */,
				1B54250419F3269F001A0976 /* JDFactory.m in Sources */,
				1B830A8019F9B627006C92B7 /* JDCharacter.m in Sources */,
				1B830A7A19F9B4FF006C92B7 /* JDWeapon.m in Sources */,
				1B5424E019F31C0D001A0976 /* JDViewController.m in Sources */,
				1B830A7D19F9B569006C92B7 /* JDArmor.m in Sources */,
				1B5424D619F31C0D001A0976 /* main.m in Sources */,
				1BBAC57319FD3D2000C1CB59 /* JDBoss.m in Sources */,
			);
			runOnlyForDeploymentPostprocessing = 0;
		};
		1B5424E319F31C0D001A0976 /* Sources */ = {
			isa = PBXSourcesBuildPhase;
			buildActionMask = 2147483647;
			files = (
				1B5424F519F31C0E001A0976 /* Pirate_AdventureTests.m in Sources */,
			);
			runOnlyForDeploymentPostprocessing = 0;
		};
/* End PBXSourcesBuildPhase section */

/* Begin PBXTargetDependency section */
		1B5424ED19F31C0E001A0976 /* PBXTargetDependency */ = {
			isa = PBXTargetDependency;
			target = 1B5424C519F31C0D001A0976 /* Pirate Adventure */;
			targetProxy = 1B5424EC19F31C0E001A0976 /* PBXContainerItemProxy */;
		};
/* End PBXTargetDependency section */

/* Begin PBXVariantGroup section */
		1B5424D219F31C0D001A0976 /* InfoPlist.strings */ = {
			isa = PBXVariantGroup;
			children = (
				1B5424D319F31C0D001A0976 /* en */,
			);
			name = InfoPlist.strings;
			sourceTree = "<group>";
		};
		1B5424DB19F31C0D001A0976 /* Main.storyboard */ = {
			isa = PBXVariantGroup;
			children = (
				1B5424DC19F31C0D001A0976 /* Base */,
			);
			name = Main.storyboard;
			sourceTree = "<group>";
		};
		1B5424F119F31C0E001A0976 /* InfoPlist.strings */ = {
			isa = PBXVariantGroup;
			children = (
				1B5424F219F31C0E001A0976 /* en */,
			);
			name = InfoPlist.strings;
			sourceTree = "<group>";
		};
/* End PBXVariantGroup section */

/* Begin XCBuildConfiguration section */
		1B5424F619F31C0E001A0976 /* Debug */ = {
			isa = XCBuildConfiguration;
			buildSettings = {
				ALWAYS_SEARCH_USER_PATHS = NO;
				CLANG_CXX_LANGUAGE_STANDARD = "gnu++0x";
				CLANG_CXX_LIBRARY = "libc++";
				CLANG_ENABLE_MODULES = YES;
				CLANG_ENABLE_OBJC_ARC = YES;
				CLANG_WARN_BOOL_CONVERSION = YES;
				CLANG_WARN_CONSTANT_CONVERSION = YES;
				CLANG_WARN_DIRECT_OBJC_ISA_USAGE = YES_ERROR;
				CLANG_WARN_EMPTY_BODY = YES;
				CLANG_WARN_ENUM_CONVERSION = YES;
				CLANG_WARN_INT_CONVERSION = YES;
				CLANG_WARN_OBJC_ROOT_CLASS = YES_ERROR;
				CLANG_WARN__DUPLICATE_METHOD_MATCH = YES;
				"CODE_SIGN_IDENTITY[sdk=iphoneos*]" = "iPhone Developer";
				COPY_PHASE_STRIP = NO;
				GCC_C_LANGUAGE_STANDARD = gnu99;
				GCC_DYNAMIC_NO_PIC = NO;
				GCC_OPTIMIZATION_LEVEL = 0;
				GCC_PREPROCESSOR_DEFINITIONS = (
					"DEBUG=1",
					"$(inherited)",
				);
				GCC_SYMBOLS_PRIVATE_EXTERN = NO;
				GCC_WARN_64_TO_32_BIT_CONVERSION = YES;
				GCC_WARN_ABOUT_RETURN_TYPE = YES_ERROR;
				GCC_WARN_UNDECLARED_SELECTOR = YES;
				GCC_WARN_UNINITIALIZED_AUTOS = YES_AGGRESSIVE;
				GCC_WARN_UNUSED_FUNCTION = YES;
				GCC_WARN_UNUSED_VARIABLE = YES;
				IPHONEOS_DEPLOYMENT_TARGET = 7.1;
				ONLY_ACTIVE_ARCH = YES;
				SDKROOT = iphoneos;
			};
			name = Debug;
		};
		1B5424F719F31C0E001A0976 /* Release */ = {
			isa = XCBuildConfiguration;
			buildSettings = {
				ALWAYS_SEARCH_USER_PATHS = NO;
				CLANG_CXX_LANGUAGE_STANDARD = "gnu++0x";
				CLANG_CXX_LIBRARY = "libc++";
				CLANG_ENABLE_MODULES = YES;
				CLANG_ENABLE_OBJC_ARC = YES;
				CLANG_WARN_BOOL_CONVERSION = YES;
				CLANG_WARN_CONSTANT_CONVERSION = YES;
				CLANG_WARN_DIRECT_OBJC_ISA_USAGE = YES_ERROR;
				CLANG_WARN_EMPTY_BODY = YES;
				CLANG_WARN_ENUM_CONVERSION = YES;
				CLANG_WARN_INT_CONVERSION = YES;
				CLANG_WARN_OBJC_ROOT_CLASS = YES_ERROR;
				CLANG_WARN__DUPLICATE_METHOD_MATCH = YES;
				"CODE_SIGN_IDENTITY[sdk=iphoneos*]" = "iPhone Developer";
				COPY_PHASE_STRIP = YES;
				ENABLE_NS_ASSERTIONS = NO;
				GCC_C_LANGUAGE_STANDARD = gnu99;
				GCC_WARN_64_TO_32_BIT_CONVERSION = YES;
				GCC_WARN_ABOUT_RETURN_TYPE = YES_ERROR;
				GCC_WARN_UNDECLARED_SELECTOR = YES;
				GCC_WARN_UNINITIALIZED_AUTOS = YES_AGGRESSIVE;
				GCC_WARN_UNUSED_FUNCTION = YES;
				GCC_WARN_UNUSED_VARIABLE = YES;
				IPHONEOS_DEPLOYMENT_TARGET = 7.1;
				SDKROOT = iphoneos;
				VALIDATE_PRODUCT = YES;
			};
			name = Release;
		};
		1B5424F919F31C0E001A0976 /* Debug */ = {
			isa = XCBuildConfiguration;
			buildSettings = {
				ASSETCATALOG_COMPILER_APPICON_NAME = AppIcon;
				ASSETCATALOG_COMPILER_LAUNCHIMAGE_NAME = LaunchImage;
				GCC_PRECOMPILE_PREFIX_HEADER = YES;
				GCC_PREFIX_HEADER = "Pirate Adventure/Pirate Adventure-Prefix.pch";
				INFOPLIST_FILE = "Pirate Adventure/Pirate Adventure-Info.plist";
				PRODUCT_NAME = "$(TARGET_NAME)";
				WRAPPER_EXTENSION = app;
			};
			name = Debug;
		};
		1B5424FA19F31C0E001A0976 /* Release */ = {
			isa = XCBuildConfiguration;
			buildSettings = {
				ASSETCATALOG_COMPILER_APPICON_NAME = AppIcon;
				ASSETCATALOG_COMPILER_LAUNCHIMAGE_NAME = LaunchImage;
				GCC_PRECOMPILE_PREFIX_HEADER = YES;
				GCC_PREFIX_HEADER = "Pirate Adventure/Pirate Adventure-Prefix.pch";
				INFOPLIST_FILE = "Pirate Adventure/Pirate Adventure-Info.plist";
				PRODUCT_NAME = "$(TARGET_NAME)";
				WRAPPER_EXTENSION = app;
			};
			name = Release;
		};
		1B5424FC19F31C0E001A0976 /* Debug */ = {
			isa = XCBuildConfiguration;
			buildSettings = {
				BUNDLE_LOADER = "$(BUILT_PRODUCTS_DIR)/Pirate Adventure.app/Pirate Adventure";
				FRAMEWORK_SEARCH_PATHS = (
					"$(SDKROOT)/Developer/Library/Frameworks",
					"$(inherited)",
					"$(DEVELOPER_FRAMEWORKS_DIR)",
				);
				GCC_PRECOMPILE_PREFIX_HEADER = YES;
				GCC_PREFIX_HEADER = "Pirate Adventure/Pirate Adventure-Prefix.pch";
				GCC_PREPROCESSOR_DEFINITIONS = (
					"DEBUG=1",
					"$(inherited)",
				);
				INFOPLIST_FILE = "Pirate AdventureTests/Pirate AdventureTests-Info.plist";
				PRODUCT_NAME = "$(TARGET_NAME)";
				TEST_HOST = "$(BUNDLE_LOADER)";
				WRAPPER_EXTENSION = xctest;
			};
			name = Debug;
		};
		1B5424FD19F31C0E001A0976 /* Release */ = {
			isa = XCBuildConfiguration;
			buildSettings = {
				BUNDLE_LOADER = "$(BUILT_PRODUCTS_DIR)/Pirate Adventure.app/Pirate Adventure";
				FRAMEWORK_SEARCH_PATHS = (
					"$(SDKROOT)/Developer/Library/Frameworks",
					"$(inherited)",
					"$(DEVELOPER_FRAMEWORKS_DIR)",
				);
				GCC_PRECOMPILE_PREFIX_HEADER = YES;
				GCC_PREFIX_HEADER = "Pirate Adventure/Pirate Adventure-Prefix.pch";
				INFOPLIST_FILE = "Pirate AdventureTests/Pirate AdventureTests-Info.plist";
				PRODUCT_NAME = "$(TARGET_NAME)";
				TEST_HOST = "$(BUNDLE_LOADER)";
				WRAPPER_EXTENSION = xctest;
			};
			name = Release;
		};
/* End XCBuildConfiguration section */

/* Begin XCConfigurationList section */
		1B5424C119F31C0D001A0976 /* Build configuration list for PBXProject "Pirate Adventure" */ = {
			isa = XCConfigurationList;
			buildConfigurations = (
				1B5424F619F31C0E001A0976 /* Debug */,
				1B5424F719F31C0E001A0976 /* Release */,
			);
			defaultConfigurationIsVisible = 0;
			defaultConfigurationName = Release;
		};
		1B5424F819F31C0E001A0976 /* Build configuration list for PBXNativeTarget "Pirate Adventure" */ = {
			isa = XCConfigurationList;
			buildConfigurations = (
				1B5424F919F31C0E001A0976 /* Debug */,
				1B5424FA19F31C0E001A0976 /* Release */,
			);
			defaultConfigurationIsVisible = 0;
			defaultConfigurationName = Release;
		};
		1B5424FB19F31C0E001A0976 /* Build configuration list for PBXNativeTarget "Pirate AdventureTests" */ = {
			isa = XCConfigurationList;
			buildConfigurations = (
				1B5424FC19F31C0E001A0976 /* Debug */,
				1B5424FD19F31C0E001A0976 /* Release */,
			);
			defaultConfigurationIsVisible = 0;
			defaultConfigurationName = Release;
		};
/* End XCConfigurationList section */
	};
	rootObject = 1B5424BE19F31C0D001A0976 /* Project object */;
}
